
Microsoft Visual Studio Solution File, Format Version 12.00
# Visual Studio Version 17
VisualStudioVersion = 17.8.34408.163
MinimumVisualStudioVersion = 10.0.40219.1
Project("{9A19103F-16F7-4668-BE54-9A1E7A4F7556}") = "PampangaCommunityWebSite.Api", "PampangaCommunityWebSite\PampangaCommunityWebSite.Api\PampangaCommunityWebSite.Api.csproj", "{D4705EE1-B023-4002-84D9-2AD816EA8C68}"
EndProject
Project("{9A19103F-16F7-4668-BE54-9A1E7A4F7556}") = "PampangaCommunityWebSite.Client", "PampangaCommunityWebSite\PampangaCommunityWebSite.Client\PampangaCommunityWebSite.Client.csproj", "{55CDAE10-0FE8-40CD-B82A-4FD1B41A9B9E}"
EndProject
Project("{FAE04EC0-301F-11D3-BF4B-00C04F79EFBC}") = "PampangaCommunityWebSire.Entities", "PampangaCommunityWebSire.Entities\PampangaCommunityWebSire.Entities.csproj", "{757A1ECF-8D90-4373-A48C-A3987323549C}"
EndProject
Project("{FAE04EC0-301F-11D3-BF4B-00C04F79EFBC}") = "PampangaCommunityWebSite.BusinessLogic", "PampangaCommunityWebSite.BusinessLogic\PampangaCommunityWebSite.BusinessLogic.csproj", "{1CF2440C-9761-4CFC-8645-0F8BBEBE9F40}"
EndProject
Global
	GlobalSection(SolutionConfigurationPlatforms) = preSolution
		Debug|Any CPU = Debug|Any CPU
		Release|Any CPU = Release|Any CPU
	EndGlobalSection
	GlobalSection(ProjectConfigurationPlatforms) = postSolution
		{D4705EE1-B023-4002-84D9-2AD816EA8C68}.Debug|Any CPU.ActiveCfg = Debug|Any CPU
		{D4705EE1-B023-4002-84D9-2AD816EA8C68}.Debug|Any CPU.Build.0 = Debug|Any CPU
		{D4705EE1-B023-4002-84D9-2AD816EA8C68}.Release|Any CPU.ActiveCfg = Release|Any CPU
		{D4705EE1-B023-4002-84D9-2AD816EA8C68}.Release|Any CPU.Build.0 = Release|Any CPU
		{55CDAE10-0FE8-40CD-B82A-4FD1B41A9B9E}.Debug|Any CPU.ActiveCfg = Debug|Any CPU
		{55CDAE10-0FE8-40CD-B82A-4FD1B41A9B9E}.Debug|Any CPU.Build.0 = Debug|Any CPU
		{55CDAE10-0FE8-40CD-B82A-4FD1B41A9B9E}.Release|Any CPU.ActiveCfg = Release|Any CPU
		{55CDAE10-0FE8-40CD-B82A-4FD1B41A9B9E}.Release|Any CPU.Build.0 = Release|Any CPU
		{757A1ECF-8D90-4373-A48C-A3987323549C}.Debug|Any CPU.ActiveCfg = Debug|Any CPU
		{757A1ECF-8D90-4373-A48C-A3987323549C}.Debug|Any CPU.Build.0 = Debug|Any CPU
		{757A1ECF-8D90-4373-A48C-A3987323549C}.Release|Any CPU.ActiveCfg = Release|Any CPU
		{757A1ECF-8D90-4373-A48C-A3987323549C}.Release|Any CPU.Build.0 = Release|Any CPU
		{1CF2440C-9761-4CFC-8645-0F8BBEBE9F40}.Debug|Any CPU.ActiveCfg = Debug|Any CPU
		{1CF2440C-9761-4CFC-8645-0F8BBEBE9F40}.Debug|Any CPU.Build.0 = Debug|Any CPU
		{1CF2440C-9761-4CFC-8645-0F8BBEBE9F40}.Release|Any CPU.ActiveCfg = Release|Any CPU
		{1CF2440C-9761-4CFC-8645-0F8BBEBE9F40}.Release|Any CPU.Build.0 = Release|Any CPU
	EndGlobalSection
	GlobalSection(SolutionProperties) = preSolution
		HideSolutionNode = FALSE
	EndGlobalSection
	GlobalSection(ExtensibilityGlobals) = postSolution
		SolutionGuid = {2E93A76F-909A-4CC3-A47E-0D19EFD55216}
	EndGlobalSection
EndGlobal
